
Microsoft Visual Studio Solution File, Format Version 12.00
# Visual Studio Version 17
VisualStudioVersion = 17.0.31903.59
MinimumVisualStudioVersion = 10.0.40219.1
Project("{2150E333-8FDC-42A3-9474-1A3956D46DE8}") = "src", "src", "{85F4D3FF-EFF6-418D-B4D3-BE1E3BAE0D8C}"
EndProject
Project("{FAE04EC0-301F-11D3-BF4B-00C04F79EFBC}") = "FitTrack.Client", "src\FitTrack.Client\FitTrack.Client.csproj", "{D20EDC27-B07B-4DBE-A5D9-F88B28BC3926}"
EndProject
Project("{FAE04EC0-301F-11D3-BF4B-00C04F79EFBC}") = "FitTrack.Core", "src\FitTrack.Core\FitTrack.Core.csproj", "{5A125097-FFF8-44AE-A43F-9A263C6AD3F1}"
EndProject
Project("{2150E333-8FDC-42A3-9474-1A3956D46DE8}") = "tests", "tests", "{058F3998-0BDE-4ABE-B112-84164962C5CF}"
EndProject
Project("{FAE04EC0-301F-11D3-BF4B-00C04F79EFBC}") = "FitTrack.Core.Tests", "tests\FitTrack.Core.Tests\FitTrack.Core.Tests.csproj", "{0796D0AC-11CB-4BCB-A1D5-FE58191F3848}"
EndProject
Global
	GlobalSection(SolutionConfigurationPlatforms) = preSolution
		Debug|Any CPU = Debug|Any CPU
		Release|Any CPU = Release|Any CPU
	EndGlobalSection
	GlobalSection(SolutionProperties) = preSolution
		HideSolutionNode = FALSE
	EndGlobalSection
	GlobalSection(ProjectConfigurationPlatforms) = postSolution
		{D20EDC27-B07B-4DBE-A5D9-F88B28BC3926}.Debug|Any CPU.ActiveCfg = Debug|Any CPU
		{D20EDC27-B07B-4DBE-A5D9-F88B28BC3926}.Debug|Any CPU.Build.0 = Debug|Any CPU
		{D20EDC27-B07B-4DBE-A5D9-F88B28BC3926}.Release|Any CPU.ActiveCfg = Release|Any CPU
		{D20EDC27-B07B-4DBE-A5D9-F88B28BC3926}.Release|Any CPU.Build.0 = Release|Any CPU
		{5A125097-FFF8-44AE-A43F-9A263C6AD3F1}.Debug|Any CPU.ActiveCfg = Debug|Any CPU
		{5A125097-FFF8-44AE-A43F-9A263C6AD3F1}.Debug|Any CPU.Build.0 = Debug|Any CPU
		{5A125097-FFF8-44AE-A43F-9A263C6AD3F1}.Release|Any CPU.ActiveCfg = Release|Any CPU
		{5A125097-FFF8-44AE-A43F-9A263C6AD3F1}.Release|Any CPU.Build.0 = Release|Any CPU
		{0796D0AC-11CB-4BCB-A1D5-FE58191F3848}.Debug|Any CPU.ActiveCfg = Debug|Any CPU
		{0796D0AC-11CB-4BCB-A1D5-FE58191F3848}.Debug|Any CPU.Build.0 = Debug|Any CPU
		{0796D0AC-11CB-4BCB-A1D5-FE58191F3848}.Release|Any CPU.ActiveCfg = Release|Any CPU
		{0796D0AC-11CB-4BCB-A1D5-FE58191F3848}.Release|Any CPU.Build.0 = Release|Any CPU
	EndGlobalSection
	GlobalSection(NestedProjects) = preSolution
		{D20EDC27-B07B-4DBE-A5D9-F88B28BC3926} = {85F4D3FF-EFF6-418D-B4D3-BE1E3BAE0D8C}
		{5A125097-FFF8-44AE-A43F-9A263C6AD3F1} = {85F4D3FF-EFF6-418D-B4D3-BE1E3BAE0D8C}
		{0796D0AC-11CB-4BCB-A1D5-FE58191F3848} = {058F3998-0BDE-4ABE-B112-84164962C5CF}
	EndGlobalSection
EndGlobal
